
Microsoft Visual Studio Solution File, Format Version 12.00
# Visual Studio Version 16
VisualStudioVersion = 16.0.32510.428
MinimumVisualStudioVersion = 10.0.40219.1
Project("{FAE04EC0-301F-11D3-BF4B-00C04F79EFBC}") = "CAPatients", "CAPatients.csproj", "{FDFE52AE-7C68-46D4-8B28-5E5A3BDAABCE}"
EndProject
Global
	GlobalSection(SolutionConfigurationPlatforms) = preSolution
		Debug|Any CPU = Debug|Any CPU
		Release|Any CPU = Release|Any CPU
	EndGlobalSection
	GlobalSection(ProjectConfigurationPlatforms) = postSolution
		{FDFE52AE-7C68-46D4-8B28-5E5A3BDAABCE}.Debug|Any CPU.ActiveCfg = Debug|Any CPU
		{FDFE52AE-7C68-46D4-8B28-5E5A3BDAABCE}.Debug|Any CPU.Build.0 = Debug|Any CPU
		{FDFE52AE-7C68-46D4-8B28-5E5A3BDAABCE}.Release|Any CPU.ActiveCfg = Release|Any CPU
		{FDFE52AE-7C68-46D4-8B28-5E5A3BDAABCE}.Release|Any CPU.Build.0 = Release|Any CPU
	EndGlobalSection
	GlobalSection(SolutionProperties) = preSolution
		HideSolutionNode = FALSE
	EndGlobalSection
	GlobalSection(ExtensibilityGlobals) = postSolution
		SolutionGuid = {A1FB7EC6-5CFA-4AA2-8A73-406559AF2A25}
	EndGlobalSection
EndGlobal
